# THIS IS AN AUTOGENERATED FILE. DO NOT EDIT THIS FILE DIRECTLY.
# yarn lockfile v1


"@playwright/test@^1.37.0":
  version "1.37.0"
  resolved "https://registry.yarnpkg.com/@playwright/test/-/test-1.37.0.tgz#5b3b60dabaabc0d5d3021fb5a5bb8250b424c71d"
  integrity sha512-181WBLk4SRUyH1Q96VZl7BP6HcK0b7lbdeKisn3N/vnjitk+9HbdlFz/L5fey05vxaAhldIDnzo8KUoy8S3mmQ==
  dependencies:
    "@types/node" "*"
    playwright-core "1.37.0"
  optionalDependencies:
    fsevents "2.3.2"

"@types/node@*":
  version "20.5.0"
  resolved "https://registry.yarnpkg.com/@types/node/-/node-20.5.0.tgz#7fc8636d5f1aaa3b21e6245e97d56b7f56702313"
  integrity sha512-Mgq7eCtoTjT89FqNoTzzXg2XvCi5VMhRV6+I2aYanc6kQCBImeNaAYRs/DyoVqk1YEUJK5gN9VO7HRIdz4Wo3Q==

fsevents@2.3.2:
  version "2.3.2"
  resolved "https://registry.yarnpkg.com/fsevents/-/fsevents-2.3.2.tgz#8a526f78b8fdf4623b709e0b975c52c24c02fd1a"
  integrity sha512-xiqMQR4xAeHTuB9uWm+fFRcIOgKBMiOBP+eXiyT7jsgVCq1bkVygt00oASowB7EdtpOHaaPgKt812P9ab+DDKA==

playwright-core@1.37.0:
  version "1.37.0"
  resolved "https://registry.yarnpkg.com/playwright-core/-/playwright-core-1.37.0.tgz#a0a009b840076706452e29aab0efe0ebf5d45ab1"
  integrity sha512-1c46jhTH/myQw6sesrcuHVtLoSNfJv8Pfy9t3rs6subY7kARv0HRw5PpyfPYPpPtQvBOmgbE6K+qgYUpj81LAA==
